
Microsoft Visual Studio Solution File, Format Version 12.00
# Visual Studio Version 16
VisualStudioVersion = 16.0.30717.126
MinimumVisualStudioVersion = 10.0.40219.1
Project("{FAE04EC0-301F-11D3-BF4B-00C04F79EFBC}") = "RegularGeometricFigures", "RegularGeometricFigures\RegularGeometricFigures.csproj", "{2DAE6890-0412-4929-9480-94DF811D4E60}"
EndProject
Global
	GlobalSection(SolutionConfigurationPlatforms) = preSolution
		Debug|Any CPU = Debug|Any CPU
		Release|Any CPU = Release|Any CPU
	EndGlobalSection
	GlobalSection(ProjectConfigurationPlatforms) = postSolution
		{2DAE6890-0412-4929-9480-94DF811D4E60}.Debug|Any CPU.ActiveCfg = Debug|Any CPU
		{2DAE6890-0412-4929-9480-94DF811D4E60}.Debug|Any CPU.Build.0 = Debug|Any CPU
		{2DAE6890-0412-4929-9480-94DF811D4E60}.Release|Any CPU.ActiveCfg = Release|Any CPU
		{2DAE6890-0412-4929-9480-94DF811D4E60}.Release|Any CPU.Build.0 = Release|Any CPU
	EndGlobalSection
	GlobalSection(SolutionProperties) = preSolution
		HideSolutionNode = FALSE
	EndGlobalSection
	GlobalSection(ExtensibilityGlobals) = postSolution
		SolutionGuid = {FBD306A1-E31F-4F58-B89A-ED69B6A093F7}
	EndGlobalSection
EndGlobal
